{
  "name": "asherah",
  "version": "1.0.0",
  "lockfileVersion": 2,
  "requires": true,
  "packages": {
    "": {
      "name": "asherah",
      "version": "1.0.0",
      "license": "ISC",
      "dependencies": {
        "cobhan": "file:../cobhan"
      }
    },
    "../cobhan": {
      "version": "1.0.4",
      "license": "ISC",
      "dependencies": {
        "cobhan": "file:../cobhan",
        "eslint-config-google": "^0.14.0",
        "ffi-napi": "^4.0.3"
      }
    },
    "node_modules/cobhan": {
      "resolved": "../cobhan",
      "link": true
    }
  },
  "dependencies": {
    "cobhan": {
      "version": "file:../cobhan",
      "requires": {
        "cobhan": "file:",
        "eslint-config-google": "^0.14.0",
        "ffi-napi": "^4.0.3"
      }
    }
  }
}
