{
  "name": "asherah-demo-app",
  "version": "1.0.0",
  "lockfileVersion": 2,
  "requires": true,
  "packages": {
    "": {
      "name": "asherah-demo-app",
      "version": "1.0.0",
      "license": "ISC",
      "dependencies": {
        "asherah": "file:../asherah"
      }
    },
    "../asherah": {
      "version": "1.0.0",
      "license": "ISC",
      "dependencies": {
        "cobhan": "file:../cobhan"
      }
    },
    "node_modules/asherah": {
      "resolved": "../asherah",
      "link": true
    }
  },
  "dependencies": {
    "asherah": {
      "version": "file:../asherah",
      "requires": {
        "cobhan": "file:../cobhan"
      }
    }
  }
}
